{
  "version": 4,
  "terraform_version": "1.14.0",
  "serial": 40,
  "lineage": "4e40ba4a-0e3f-0004-6d7b-4c7c8bbae9e7",
  "outputs": {},
  "resources": [
    {
      "mode": "managed",
      "type": "libvirt_cloudinit_disk",
      "name": "config_disk",
      "provider": "provider[\"registry.terraform.io/dmacvicar/libvirt\"]",
      "instances": [
        {
          "index_key": "ubuntu-01",
          "schema_version": 0,
          "attributes": {
            "id": "/var/lib/libvirt/kvm-storage/ubuntu-01-init.iso;d32384a5-1209-4418-8f8e-28fd0396b701",
            "meta_data": "",
            "name": "ubuntu-01-init.iso",
            "network_config": "",
            "pool": "kvm_pool_simple",
            "user_data": "#cloud-config\ndisable_network_config: true\nssh_pwauth: True \nruncmd:\n  - [ systemctl, enable, --now, ssh ]\nusers:\n  - name: adminuser\n    sudo: ALL=(ALL) NOPASSWD:ALL\n    groups: users, admin\n    home: /home/adminuser\n    shell: /bin/bash\nchpasswd:\n  list: |\n     adminuser:password\n  expire: False\nnetwork:\n  version: 1\n  config:\n    - type: physical\n      name: eth0\n      subnets:\n        - type: static\n          address:  172.16.1.2/24\n          gateway: 172.16.1.1\n          dns_nameservers: [ 8.8.8.8 ]\n"
          },
          "sensitive_attributes": [],
          "identity_schema_version": 0,
          "private": "bnVsbA==",
          "dependencies": [
            "libvirt_pool.storage"
          ]
        },
        {
          "index_key": "ubuntu-02",
          "schema_version": 0,
          "attributes": {
            "id": "/var/lib/libvirt/kvm-storage/ubuntu-02-init.iso;8002cf9d-d3d7-4d27-b7a0-ff99d3e5a75a",
            "meta_data": "",
            "name": "ubuntu-02-init.iso",
            "network_config": "",
            "pool": "kvm_pool_simple",
            "user_data": "#cloud-config\ndisable_network_config: true\nssh_pwauth: True \nruncmd:\n  - [ systemctl, enable, --now, ssh ]\nusers:\n  - name: adminuser\n    sudo: ALL=(ALL) NOPASSWD:ALL\n    groups: users, admin\n    home: /home/adminuser\n    shell: /bin/bash\nchpasswd:\n  list: |\n     adminuser:password\n  expire: False\nnetwork:\n  version: 1\n  config:\n    - type: physical\n      name: eth0\n      subnets:\n        - type: static\n          address:  172.16.1.3/24\n          gateway: 172.16.1.1\n          dns_nameservers: [ 8.8.8.8 ]\n"
          },
          "sensitive_attributes": [],
          "identity_schema_version": 0,
          "private": "bnVsbA==",
          "dependencies": [
            "libvirt_pool.storage"
          ]
        },
        {
          "index_key": "ubuntu-03",
          "schema_version": 0,
          "attributes": {
            "id": "/var/lib/libvirt/kvm-storage/ubuntu-03-init.iso;d2b04bba-32a1-4fc2-8650-22cdd6d72b93",
            "meta_data": "",
            "name": "ubuntu-03-init.iso",
            "network_config": "",
            "pool": "kvm_pool_simple",
            "user_data": "#cloud-config\ndisable_network_config: true\nssh_pwauth: True \nruncmd:\n  - [ systemctl, enable, --now, ssh ]\nusers:\n  - name: adminuser\n    sudo: ALL=(ALL) NOPASSWD:ALL\n    groups: users, admin\n    home: /home/adminuser\n    shell: /bin/bash\nchpasswd:\n  list: |\n     adminuser:password\n  expire: False\nnetwork:\n  version: 1\n  config:\n    - type: physical\n      name: eth0\n      subnets:\n        - type: static\n          address:  172.16.1.4/24\n          gateway: 172.16.1.1\n          dns_nameservers: [ 8.8.8.8 ]\n"
          },
          "sensitive_attributes": [],
          "identity_schema_version": 0,
          "private": "bnVsbA==",
          "dependencies": [
            "libvirt_pool.storage"
          ]
        },
        {
          "index_key": "ubuntu-04",
          "schema_version": 0,
          "attributes": {
            "id": "/var/lib/libvirt/kvm-storage/ubuntu-04-init.iso;8609e76a-4bb7-4fd7-ab4c-fd1e508db2d5",
            "meta_data": "",
            "name": "ubuntu-04-init.iso",
            "network_config": "",
            "pool": "kvm_pool_simple",
            "user_data": "#cloud-config\ndisable_network_config: true\nssh_pwauth: True \nruncmd:\n  - [ systemctl, enable, --now, ssh ]\nusers:\n  - name: adminuser\n    sudo: ALL=(ALL) NOPASSWD:ALL\n    groups: users, admin\n    home: /home/adminuser\n    shell: /bin/bash\nchpasswd:\n  list: |\n     adminuser:password\n  expire: False\nnetwork:\n  version: 1\n  config:\n    - type: physical\n      name: eth0\n      subnets:\n        - type: static\n          address:  172.16.1.5/24\n          gateway: 172.16.1.1\n          dns_nameservers: [ 8.8.8.8 ]\n"
          },
          "sensitive_attributes": [],
          "identity_schema_version": 0,
          "private": "bnVsbA==",
          "dependencies": [
            "libvirt_pool.storage"
          ]
        }
      ]
    },
    {
      "mode": "managed",
      "type": "libvirt_domain",
      "name": "kvm_vm",
      "provider": "provider[\"registry.terraform.io/dmacvicar/libvirt\"]",
      "instances": [
        {
          "index_key": "ubuntu-01",
          "schema_version": 0,
          "attributes": {
            "arch": "x86_64",
            "autostart": false,
            "boot_device": [],
            "cloudinit": "/var/lib/libvirt/kvm-storage/ubuntu-01-init.iso;d32384a5-1209-4418-8f8e-28fd0396b701",
            "cmdline": null,
            "console": [
              {
                "source_host": "127.0.0.1",
                "source_path": "",
                "source_service": "0",
                "target_port": "0",
                "target_type": "serial",
                "type": "pty"
              }
            ],
            "coreos_ignition": null,
            "cpu": [
              {
                "mode": "custom"
              }
            ],
            "description": "",
            "disk": [
              {
                "block_device": "",
                "file": "",
                "scsi": false,
                "url": "",
                "volume_id": "/var/lib/libvirt/kvm-storage/ubuntu-01",
                "wwn": ""
              }
            ],
            "emulator": "/usr/bin/qemu-system-x86_64",
            "filesystem": [],
            "firmware": null,
            "fw_cfg_name": "opt/com.coreos/config",
            "graphics": [],
            "id": "ada7a91a-c139-4f6d-babd-21f0856eed98",
            "initrd": "",
            "kernel": "",
            "machine": "ubuntu",
            "memory": 2048,
            "metadata": null,
            "name": "ubuntu-01",
            "network_interface": [
              {
                "addresses": [
                  "172.16.1.7"
                ],
                "bridge": "",
                "hostname": "",
                "mac": "52:54:00:D2:36:DB",
                "macvtap": "",
                "network_id": "cbdfb270-8cea-4917-af19-d47906a29284",
                "network_name": "internal-storage-net",
                "passthrough": "",
                "vepa": "",
                "wait_for_lease": true
              }
            ],
            "nvram": [],
            "qemu_agent": false,
            "running": true,
            "timeouts": null,
            "tpm": [],
            "type": "kvm",
            "vcpu": 4,
            "video": [],
            "xml": []
          },
          "sensitive_attributes": [],
          "identity_schema_version": 0,
          "private": "eyJlMmJmYjczMC1lY2FhLTExZTYtOGY4OC0zNDM2M2JjN2M0YzAiOnsiY3JlYXRlIjozMDAwMDAwMDAwMDB9fQ==",
          "dependencies": [
            "libvirt_cloudinit_disk.config_disk",
            "libvirt_network.isolated_net",
            "libvirt_pool.storage",
            "libvirt_volume.base_image",
            "libvirt_volume.vm_disk"
          ]
        },
        {
          "index_key": "ubuntu-02",
          "schema_version": 0,
          "attributes": {
            "arch": "x86_64",
            "autostart": false,
            "boot_device": [],
            "cloudinit": "/var/lib/libvirt/kvm-storage/ubuntu-02-init.iso;8002cf9d-d3d7-4d27-b7a0-ff99d3e5a75a",
            "cmdline": null,
            "console": [
              {
                "source_host": "127.0.0.1",
                "source_path": "",
                "source_service": "0",
                "target_port": "0",
                "target_type": "serial",
                "type": "pty"
              }
            ],
            "coreos_ignition": null,
            "cpu": [
              {
                "mode": "custom"
              }
            ],
            "description": "",
            "disk": [
              {
                "block_device": "",
                "file": "",
                "scsi": false,
                "url": "",
                "volume_id": "/var/lib/libvirt/kvm-storage/ubuntu-02",
                "wwn": ""
              }
            ],
            "emulator": "/usr/bin/qemu-system-x86_64",
            "filesystem": [],
            "firmware": null,
            "fw_cfg_name": "opt/com.coreos/config",
            "graphics": [],
            "id": "400080af-1188-49e3-9f7a-aab9ceac2bac",
            "initrd": "",
            "kernel": "",
            "machine": "ubuntu",
            "memory": 2048,
            "metadata": null,
            "name": "ubuntu-02",
            "network_interface": [
              {
                "addresses": [
                  "172.16.1.117"
                ],
                "bridge": "",
                "hostname": "",
                "mac": "52:54:00:26:D5:48",
                "macvtap": "",
                "network_id": "cbdfb270-8cea-4917-af19-d47906a29284",
                "network_name": "internal-storage-net",
                "passthrough": "",
                "vepa": "",
                "wait_for_lease": true
              }
            ],
            "nvram": [],
            "qemu_agent": false,
            "running": true,
            "timeouts": null,
            "tpm": [],
            "type": "kvm",
            "vcpu": 4,
            "video": [],
            "xml": []
          },
          "sensitive_attributes": [],
          "identity_schema_version": 0,
          "private": "eyJlMmJmYjczMC1lY2FhLTExZTYtOGY4OC0zNDM2M2JjN2M0YzAiOnsiY3JlYXRlIjozMDAwMDAwMDAwMDB9fQ==",
          "dependencies": [
            "libvirt_cloudinit_disk.config_disk",
            "libvirt_network.isolated_net",
            "libvirt_pool.storage",
            "libvirt_volume.base_image",
            "libvirt_volume.vm_disk"
          ]
        },
        {
          "index_key": "ubuntu-03",
          "schema_version": 0,
          "attributes": {
            "arch": "x86_64",
            "autostart": false,
            "boot_device": [],
            "cloudinit": "/var/lib/libvirt/kvm-storage/ubuntu-03-init.iso;d2b04bba-32a1-4fc2-8650-22cdd6d72b93",
            "cmdline": null,
            "console": [
              {
                "source_host": "127.0.0.1",
                "source_path": "",
                "source_service": "0",
                "target_port": "0",
                "target_type": "serial",
                "type": "pty"
              }
            ],
            "coreos_ignition": null,
            "cpu": [
              {
                "mode": "custom"
              }
            ],
            "description": "",
            "disk": [
              {
                "block_device": "",
                "file": "",
                "scsi": false,
                "url": "",
                "volume_id": "/var/lib/libvirt/kvm-storage/ubuntu-03",
                "wwn": ""
              }
            ],
            "emulator": "/usr/bin/qemu-system-x86_64",
            "filesystem": [],
            "firmware": null,
            "fw_cfg_name": "opt/com.coreos/config",
            "graphics": [],
            "id": "3ccf1190-21dd-4666-93e4-f4c38720515b",
            "initrd": "",
            "kernel": "",
            "machine": "ubuntu",
            "memory": 2048,
            "metadata": null,
            "name": "ubuntu-03",
            "network_interface": [
              {
                "addresses": [
                  "172.16.1.231"
                ],
                "bridge": "",
                "hostname": "",
                "mac": "52:54:00:FA:C6:F6",
                "macvtap": "",
                "network_id": "cbdfb270-8cea-4917-af19-d47906a29284",
                "network_name": "internal-storage-net",
                "passthrough": "",
                "vepa": "",
                "wait_for_lease": true
              }
            ],
            "nvram": [],
            "qemu_agent": false,
            "running": true,
            "timeouts": null,
            "tpm": [],
            "type": "kvm",
            "vcpu": 4,
            "video": [],
            "xml": []
          },
          "sensitive_attributes": [],
          "identity_schema_version": 0,
          "private": "eyJlMmJmYjczMC1lY2FhLTExZTYtOGY4OC0zNDM2M2JjN2M0YzAiOnsiY3JlYXRlIjozMDAwMDAwMDAwMDB9fQ==",
          "dependencies": [
            "libvirt_cloudinit_disk.config_disk",
            "libvirt_network.isolated_net",
            "libvirt_pool.storage",
            "libvirt_volume.base_image",
            "libvirt_volume.vm_disk"
          ]
        },
        {
          "index_key": "ubuntu-04",
          "schema_version": 0,
          "attributes": {
            "arch": "x86_64",
            "autostart": false,
            "boot_device": [],
            "cloudinit": "/var/lib/libvirt/kvm-storage/ubuntu-04-init.iso;8609e76a-4bb7-4fd7-ab4c-fd1e508db2d5",
            "cmdline": null,
            "console": [
              {
                "source_host": "127.0.0.1",
                "source_path": "",
                "source_service": "0",
                "target_port": "0",
                "target_type": "serial",
                "type": "pty"
              }
            ],
            "coreos_ignition": null,
            "cpu": [
              {
                "mode": "custom"
              }
            ],
            "description": "",
            "disk": [
              {
                "block_device": "",
                "file": "",
                "scsi": false,
                "url": "",
                "volume_id": "/var/lib/libvirt/kvm-storage/ubuntu-04",
                "wwn": ""
              }
            ],
            "emulator": "/usr/bin/qemu-system-x86_64",
            "filesystem": [],
            "firmware": null,
            "fw_cfg_name": "opt/com.coreos/config",
            "graphics": [],
            "id": "c25d034a-c360-4d55-8fdb-27fd6012ce78",
            "initrd": "",
            "kernel": "",
            "machine": "ubuntu",
            "memory": 2048,
            "metadata": null,
            "name": "ubuntu-04",
            "network_interface": [
              {
                "addresses": [
                  "172.16.1.221"
                ],
                "bridge": "",
                "hostname": "",
                "mac": "52:54:00:5A:66:71",
                "macvtap": "",
                "network_id": "cbdfb270-8cea-4917-af19-d47906a29284",
                "network_name": "internal-storage-net",
                "passthrough": "",
                "vepa": "",
                "wait_for_lease": true
              }
            ],
            "nvram": [],
            "qemu_agent": false,
            "running": true,
            "timeouts": null,
            "tpm": [],
            "type": "kvm",
            "vcpu": 4,
            "video": [],
            "xml": []
          },
          "sensitive_attributes": [],
          "identity_schema_version": 0,
          "private": "eyJlMmJmYjczMC1lY2FhLTExZTYtOGY4OC0zNDM2M2JjN2M0YzAiOnsiY3JlYXRlIjozMDAwMDAwMDAwMDB9fQ==",
          "dependencies": [
            "libvirt_cloudinit_disk.config_disk",
            "libvirt_network.isolated_net",
            "libvirt_pool.storage",
            "libvirt_volume.base_image",
            "libvirt_volume.vm_disk"
          ]
        }
      ]
    },
    {
      "mode": "managed",
      "type": "libvirt_network",
      "name": "isolated_net",
      "provider": "provider[\"registry.terraform.io/dmacvicar/libvirt\"]",
      "instances": [
        {
          "schema_version": 0,
          "attributes": {
            "addresses": [
              "172.16.1.0/24"
            ],
            "autostart": true,
            "bridge": "virbr1",
            "dhcp": [
              {
                "enabled": true
              }
            ],
            "dns": [
              {
                "enabled": false,
                "forwarders": [],
                "hosts": [],
                "local_only": false,
                "srvs": []
              }
            ],
            "dnsmasq_options": [],
            "domain": null,
            "id": "cbdfb270-8cea-4917-af19-d47906a29284",
            "mode": "nat",
            "mtu": null,
            "name": "internal-storage-net",
            "routes": [],
            "xml": []
          },
          "sensitive_attributes": [],
          "identity_schema_version": 0,
          "private": "bnVsbA=="
        }
      ]
    },
    {
      "mode": "managed",
      "type": "libvirt_pool",
      "name": "storage",
      "provider": "provider[\"registry.terraform.io/dmacvicar/libvirt\"]",
      "instances": [
        {
          "schema_version": 0,
          "attributes": {
            "allocation": 132649607168,
            "available": 367045181440,
            "capacity": 499694788608,
            "id": "9b7a7ca0-85e1-42c4-b15d-0093299d5372",
            "name": "kvm_pool_simple",
            "path": "/var/lib/libvirt/kvm-storage",
            "type": "dir",
            "xml": []
          },
          "sensitive_attributes": [],
          "identity_schema_version": 0,
          "private": "bnVsbA=="
        }
      ]
    },
    {
      "mode": "managed",
      "type": "libvirt_volume",
      "name": "base_image",
      "provider": "provider[\"registry.terraform.io/dmacvicar/libvirt\"]",
      "instances": [
        {
          "schema_version": 0,
          "attributes": {
            "base_volume_id": null,
            "base_volume_name": null,
            "base_volume_pool": null,
            "format": "qcow2",
            "id": "/var/lib/libvirt/kvm-storage/ubuntu-2404-minimal-cloud.qcow2",
            "name": "ubuntu-2404-minimal-cloud.qcow2",
            "pool": "kvm_pool_simple",
            "size": 3758096384,
            "source": "https://cloud-images.ubuntu.com/minimal/releases/noble/release/ubuntu-24.04-minimal-cloudimg-amd64.img",
            "xml": []
          },
          "sensitive_attributes": [],
          "identity_schema_version": 0,
          "private": "bnVsbA==",
          "dependencies": [
            "libvirt_pool.storage"
          ]
        }
      ]
    },
    {
      "mode": "managed",
      "type": "libvirt_volume",
      "name": "vm_disk",
      "provider": "provider[\"registry.terraform.io/dmacvicar/libvirt\"]",
      "instances": [
        {
          "index_key": "ubuntu-01",
          "schema_version": 0,
          "attributes": {
            "base_volume_id": "/var/lib/libvirt/kvm-storage/ubuntu-2404-minimal-cloud.qcow2",
            "base_volume_name": null,
            "base_volume_pool": null,
            "format": "qcow2",
            "id": "/var/lib/libvirt/kvm-storage/ubuntu-01",
            "name": "ubuntu-01",
            "pool": "kvm_pool_simple",
            "size": 3758096384,
            "source": null,
            "xml": []
          },
          "sensitive_attributes": [],
          "identity_schema_version": 0,
          "private": "bnVsbA==",
          "dependencies": [
            "libvirt_pool.storage",
            "libvirt_volume.base_image"
          ]
        },
        {
          "index_key": "ubuntu-02",
          "schema_version": 0,
          "attributes": {
            "base_volume_id": "/var/lib/libvirt/kvm-storage/ubuntu-2404-minimal-cloud.qcow2",
            "base_volume_name": null,
            "base_volume_pool": null,
            "format": "qcow2",
            "id": "/var/lib/libvirt/kvm-storage/ubuntu-02",
            "name": "ubuntu-02",
            "pool": "kvm_pool_simple",
            "size": 3758096384,
            "source": null,
            "xml": []
          },
          "sensitive_attributes": [],
          "identity_schema_version": 0,
          "private": "bnVsbA==",
          "dependencies": [
            "libvirt_pool.storage",
            "libvirt_volume.base_image"
          ]
        },
        {
          "index_key": "ubuntu-03",
          "schema_version": 0,
          "attributes": {
            "base_volume_id": "/var/lib/libvirt/kvm-storage/ubuntu-2404-minimal-cloud.qcow2",
            "base_volume_name": null,
            "base_volume_pool": null,
            "format": "qcow2",
            "id": "/var/lib/libvirt/kvm-storage/ubuntu-03",
            "name": "ubuntu-03",
            "pool": "kvm_pool_simple",
            "size": 3758096384,
            "source": null,
            "xml": []
          },
          "sensitive_attributes": [],
          "identity_schema_version": 0,
          "private": "bnVsbA==",
          "dependencies": [
            "libvirt_pool.storage",
            "libvirt_volume.base_image"
          ]
        },
        {
          "index_key": "ubuntu-04",
          "schema_version": 0,
          "attributes": {
            "base_volume_id": "/var/lib/libvirt/kvm-storage/ubuntu-2404-minimal-cloud.qcow2",
            "base_volume_name": null,
            "base_volume_pool": null,
            "format": "qcow2",
            "id": "/var/lib/libvirt/kvm-storage/ubuntu-04",
            "name": "ubuntu-04",
            "pool": "kvm_pool_simple",
            "size": 3758096384,
            "source": null,
            "xml": []
          },
          "sensitive_attributes": [],
          "identity_schema_version": 0,
          "private": "bnVsbA==",
          "dependencies": [
            "libvirt_pool.storage",
            "libvirt_volume.base_image"
          ]
        }
      ]
    }
  ],
  "check_results": null
}
