{
  "version": 4,
  "terraform_version": "1.14.0",
  "serial": 8,
  "lineage": "f8536db1-8df6-6e5e-76c7-03ae35357882",
  "outputs": {},
  "resources": [
    {
      "mode": "managed",
      "type": "libvirt_pool",
      "name": "storage",
      "provider": "provider[\"registry.terraform.io/dmacvicar/libvirt\"]",
      "instances": [
        {
          "schema_version": 0,
          "attributes": {
            "allocation": 61219205120,
            "available": 438475583488,
            "capacity": 499694788608,
            "id": "00f8040b-2751-4544-ab04-704dd4cf09ce",
            "name": "kvm_pool_simple",
            "path": "/var/lib/libvirt/kvm-storage",
            "type": "dir",
            "xml": []
          },
          "sensitive_attributes": [],
          "identity_schema_version": 0,
          "private": "bnVsbA=="
        }
      ]
    }
  ],
  "check_results": null
}
