{
  "version": 4,
  "terraform_version": "1.14.0",
  "serial": 44,
  "lineage": "6938d57d-eec7-f65a-8f5e-3e127969d7c5",
  "outputs": {},
  "resources": [
    {
      "mode": "managed",
      "type": "libvirt_pool",
      "name": "default",
      "provider": "provider[\"registry.terraform.io/dmacvicar/libvirt\"]",
      "instances": [
        {
          "schema_version": 0,
          "attributes": {
            "allocation": 35338493952,
            "available": 464356294656,
            "capacity": 499694788608,
            "id": "48af0aaa-fa97-48ee-95ca-7358e766b150",
            "name": "default",
            "path": "/home/lordunited/kvm-storage/machines",
            "type": "dir",
            "xml": []
          },
          "sensitive_attributes": [],
          "identity_schema_version": 0,
          "private": "bnVsbA=="
        }
      ]
    },
    {
      "mode": "managed",
      "type": "libvirt_volume",
      "name": "base_images",
      "provider": "provider[\"registry.terraform.io/dmacvicar/libvirt\"]",
      "instances": [
        {
          "index_key": "ubuntu_24.04",
          "schema_version": 0,
          "attributes": {
            "base_volume_id": null,
            "base_volume_name": null,
            "base_volume_pool": null,
            "format": "qcow2",
            "id": "/home/lordunited/kvm-storage/machines/base-ubuntu_24.04.qcow2",
            "name": "base-ubuntu_24.04.qcow2",
            "pool": "default",
            "size": 3758096384,
            "source": "https://cloud-images.ubuntu.com/releases/24.04/release/ubuntu-24.04-server-cloudimg-amd64.img",
            "xml": []
          },
          "sensitive_attributes": [],
          "identity_schema_version": 0,
          "private": "bnVsbA==",
          "dependencies": [
            "libvirt_pool.default"
          ]
        }
      ]
    },
    {
      "mode": "managed",
      "type": "libvirt_volume",
      "name": "vm_disk",
      "provider": "provider[\"registry.terraform.io/dmacvicar/libvirt\"]",
      "instances": [
        {
          "index_key": "ubuntu-01",
          "schema_version": 0,
          "attributes": {
            "base_volume_id": "/home/lordunited/kvm-storage/machines/base-ubuntu_24.04.qcow2",
            "base_volume_name": null,
            "base_volume_pool": null,
            "format": "qcow2",
            "id": "/home/lordunited/kvm-storage/machines/ubuntu-01-disk.qcow2",
            "name": "ubuntu-01-disk.qcow2",
            "pool": "default",
            "size": 53687091200,
            "source": null,
            "xml": []
          },
          "sensitive_attributes": [],
          "identity_schema_version": 0,
          "private": "bnVsbA==",
          "dependencies": [
            "libvirt_pool.default",
            "libvirt_volume.base_images"
          ]
        },
        {
          "index_key": "ubuntu-02",
          "schema_version": 0,
          "attributes": {
            "base_volume_id": "/home/lordunited/kvm-storage/machines/base-ubuntu_24.04.qcow2",
            "base_volume_name": null,
            "base_volume_pool": null,
            "format": "qcow2",
            "id": "/home/lordunited/kvm-storage/machines/ubuntu-02-disk.qcow2",
            "name": "ubuntu-02-disk.qcow2",
            "pool": "default",
            "size": 53687091200,
            "source": null,
            "xml": []
          },
          "sensitive_attributes": [],
          "identity_schema_version": 0,
          "private": "bnVsbA==",
          "dependencies": [
            "libvirt_pool.default",
            "libvirt_volume.base_images"
          ]
        },
        {
          "index_key": "ubuntu-03",
          "schema_version": 0,
          "attributes": {
            "base_volume_id": "/home/lordunited/kvm-storage/machines/base-ubuntu_24.04.qcow2",
            "base_volume_name": null,
            "base_volume_pool": null,
            "format": "qcow2",
            "id": "/home/lordunited/kvm-storage/machines/ubuntu-03-disk.qcow2",
            "name": "ubuntu-03-disk.qcow2",
            "pool": "default",
            "size": 53687091200,
            "source": null,
            "xml": []
          },
          "sensitive_attributes": [],
          "identity_schema_version": 0,
          "private": "bnVsbA==",
          "dependencies": [
            "libvirt_pool.default",
            "libvirt_volume.base_images"
          ]
        },
        {
          "index_key": "ubuntu-04",
          "schema_version": 0,
          "attributes": {
            "base_volume_id": "/home/lordunited/kvm-storage/machines/base-ubuntu_24.04.qcow2",
            "base_volume_name": null,
            "base_volume_pool": null,
            "format": "qcow2",
            "id": "/home/lordunited/kvm-storage/machines/ubuntu-04-disk.qcow2",
            "name": "ubuntu-04-disk.qcow2",
            "pool": "default",
            "size": 53687091200,
            "source": null,
            "xml": []
          },
          "sensitive_attributes": [],
          "identity_schema_version": 0,
          "private": "bnVsbA==",
          "dependencies": [
            "libvirt_pool.default",
            "libvirt_volume.base_images"
          ]
        }
      ]
    }
  ],
  "check_results": null
}
